
Microsoft Visual Studio Solution File, Format Version 12.00
# Visual Studio Version 17
VisualStudioVersion = 17.11.35208.52
MinimumVisualStudioVersion = 10.0.40219.1
Project("{9A19103F-16F7-4668-BE54-9A1E7A4F7556}") = "QLNHWebAPI", "QLNHWebAPI.csproj", "{5DF547C2-7275-42D0-B919-6A778DE61B09}"
EndProject
Global
	GlobalSection(SolutionConfigurationPlatforms) = preSolution
		Debug|Any CPU = Debug|Any CPU
		Release|Any CPU = Release|Any CPU
	EndGlobalSection
	GlobalSection(ProjectConfigurationPlatforms) = postSolution
		{5DF547C2-7275-42D0-B919-6A778DE61B09}.Debug|Any CPU.ActiveCfg = Debug|Any CPU
		{5DF547C2-7275-42D0-B919-6A778DE61B09}.Debug|Any CPU.Build.0 = Debug|Any CPU
		{5DF547C2-7275-42D0-B919-6A778DE61B09}.Release|Any CPU.ActiveCfg = Release|Any CPU
		{5DF547C2-7275-42D0-B919-6A778DE61B09}.Release|Any CPU.Build.0 = Release|Any CPU
	EndGlobalSection
	GlobalSection(SolutionProperties) = preSolution
		HideSolutionNode = FALSE
	EndGlobalSection
	GlobalSection(ExtensibilityGlobals) = postSolution
		SolutionGuid = {CAFD9FAA-1C99-4805-8BC2-B77D62632843}
	EndGlobalSection
EndGlobal
